
Microsoft Visual Studio Solution File, Format Version 12.00
# Visual Studio Version 17
VisualStudioVersion = 17.5.002.0
MinimumVisualStudioVersion = 10.0.40219.1
Project("{2150E333-8FDC-42A3-9474-1A3956D46DE8}") = "sandbox", "sandbox", "{52EC7373-7C99-4328-B37D-2AECC07DB11F}"
EndProject
Project("{9A19103F-16F7-4668-BE54-9A1E7A4F7556}") = "Nemo", "sandbox\Nemo\Nemo.csproj", "{412E399D-BB9C-4BFE-9D66-EBD4B67E51D6}"
EndProject
Global
	GlobalSection(SolutionConfigurationPlatforms) = preSolution
		Debug|Any CPU = Debug|Any CPU
		Release|Any CPU = Release|Any CPU
	EndGlobalSection
	GlobalSection(ProjectConfigurationPlatforms) = postSolution
		{412E399D-BB9C-4BFE-9D66-EBD4B67E51D6}.Debug|Any CPU.ActiveCfg = Debug|Any CPU
		{412E399D-BB9C-4BFE-9D66-EBD4B67E51D6}.Debug|Any CPU.Build.0 = Debug|Any CPU
		{412E399D-BB9C-4BFE-9D66-EBD4B67E51D6}.Release|Any CPU.ActiveCfg = Release|Any CPU
		{412E399D-BB9C-4BFE-9D66-EBD4B67E51D6}.Release|Any CPU.Build.0 = Release|Any CPU
	EndGlobalSection
	GlobalSection(SolutionProperties) = preSolution
		HideSolutionNode = FALSE
	EndGlobalSection
	GlobalSection(NestedProjects) = preSolution
		{412E399D-BB9C-4BFE-9D66-EBD4B67E51D6} = {52EC7373-7C99-4328-B37D-2AECC07DB11F}
	EndGlobalSection
	GlobalSection(ExtensibilityGlobals) = postSolution
		SolutionGuid = {3821D79A-C0A8-47F4-8401-AA5DF1A0BE0E}
	EndGlobalSection
EndGlobal
